
Microsoft Visual Studio Solution File, Format Version 12.00
# Visual Studio Version 17
VisualStudioVersion = 17.0.32112.339
MinimumVisualStudioVersion = 10.0.40219.1
Project("{FAE04EC0-301F-11D3-BF4B-00C04F79EFBC}") = "BaiTapBuoi1", "DemoBuoi1\BaiTapBuoi1.csproj", "{E9DFDD7F-B4D4-4C34-A1AA-3AFEC911E6AD}"
EndProject
Project("{FAE04EC0-301F-11D3-BF4B-00C04F79EFBC}") = "DemoT2", "DemoT2\DemoT2.csproj", "{9331D356-15B9-4CC4-88F0-AE2E232C97D2}"
EndProject
Project("{FAE04EC0-301F-11D3-BF4B-00C04F79EFBC}") = "DemoT2CodeLai", "DemoT2CodeLai\DemoT2CodeLai.csproj", "{9DBEDF11-2DF0-4B8E-A4CD-E67A6C91873F}"
EndProject
Project("{FAE04EC0-301F-11D3-BF4B-00C04F79EFBC}") = "DemoT3CodeLai", "DemoT3CodeLai\DemoT3CodeLai.csproj", "{A0BC240B-824F-4765-94B0-B5D6A18B0ADD}"
EndProject
Global
	GlobalSection(SolutionConfigurationPlatforms) = preSolution
		Debug|Any CPU = Debug|Any CPU
		Release|Any CPU = Release|Any CPU
	EndGlobalSection
	GlobalSection(ProjectConfigurationPlatforms) = postSolution
		{E9DFDD7F-B4D4-4C34-A1AA-3AFEC911E6AD}.Debug|Any CPU.ActiveCfg = Debug|Any CPU
		{E9DFDD7F-B4D4-4C34-A1AA-3AFEC911E6AD}.Debug|Any CPU.Build.0 = Debug|Any CPU
		{E9DFDD7F-B4D4-4C34-A1AA-3AFEC911E6AD}.Release|Any CPU.ActiveCfg = Release|Any CPU
		{E9DFDD7F-B4D4-4C34-A1AA-3AFEC911E6AD}.Release|Any CPU.Build.0 = Release|Any CPU
		{9331D356-15B9-4CC4-88F0-AE2E232C97D2}.Debug|Any CPU.ActiveCfg = Debug|Any CPU
		{9331D356-15B9-4CC4-88F0-AE2E232C97D2}.Debug|Any CPU.Build.0 = Debug|Any CPU
		{9331D356-15B9-4CC4-88F0-AE2E232C97D2}.Release|Any CPU.ActiveCfg = Release|Any CPU
		{9331D356-15B9-4CC4-88F0-AE2E232C97D2}.Release|Any CPU.Build.0 = Release|Any CPU
		{9DBEDF11-2DF0-4B8E-A4CD-E67A6C91873F}.Debug|Any CPU.ActiveCfg = Debug|Any CPU
		{9DBEDF11-2DF0-4B8E-A4CD-E67A6C91873F}.Debug|Any CPU.Build.0 = Debug|Any CPU
		{9DBEDF11-2DF0-4B8E-A4CD-E67A6C91873F}.Release|Any CPU.ActiveCfg = Release|Any CPU
		{9DBEDF11-2DF0-4B8E-A4CD-E67A6C91873F}.Release|Any CPU.Build.0 = Release|Any CPU
		{A0BC240B-824F-4765-94B0-B5D6A18B0ADD}.Debug|Any CPU.ActiveCfg = Debug|Any CPU
		{A0BC240B-824F-4765-94B0-B5D6A18B0ADD}.Debug|Any CPU.Build.0 = Debug|Any CPU
		{A0BC240B-824F-4765-94B0-B5D6A18B0ADD}.Release|Any CPU.ActiveCfg = Release|Any CPU
		{A0BC240B-824F-4765-94B0-B5D6A18B0ADD}.Release|Any CPU.Build.0 = Release|Any CPU
	EndGlobalSection
	GlobalSection(SolutionProperties) = preSolution
		HideSolutionNode = FALSE
	EndGlobalSection
	GlobalSection(ExtensibilityGlobals) = postSolution
		SolutionGuid = {81BBF422-2B00-499D-B451-9332153C2C07}
	EndGlobalSection
EndGlobal
